
Microsoft Visual Studio Solution File, Format Version 12.00
# Visual Studio Version 17
VisualStudioVersion = 17.6.33829.357
MinimumVisualStudioVersion = 10.0.40219.1
Project("{FAE04EC0-301F-11D3-BF4B-00C04F79EFBC}") = "PruebaAFP.API", "PruebaAFP.API\PruebaAFP.API.csproj", "{47934A59-E5E9-420E-A4F1-78B078F99525}"
EndProject
Project("{FAE04EC0-301F-11D3-BF4B-00C04F79EFBC}") = "PruebaAFP.Data", "PruebaAFP.Data\PruebaAFP.Data.csproj", "{55420004-D90A-4EDF-AE53-66D4C7098438}"
EndProject
Project("{FAE04EC0-301F-11D3-BF4B-00C04F79EFBC}") = "PruebaAFP.Domain", "PruebaAFP.Domain\PruebaAFP.Domain.csproj", "{1044F2C8-085B-4FAD-A786-24D77DFF09E4}"
EndProject
Global
	GlobalSection(SolutionConfigurationPlatforms) = preSolution
		Debug|Any CPU = Debug|Any CPU
		Debug|ARM = Debug|ARM
		Debug|ARM64 = Debug|ARM64
		Debug|x64 = Debug|x64
		Debug|x86 = Debug|x86
		Release|Any CPU = Release|Any CPU
		Release|ARM = Release|ARM
		Release|ARM64 = Release|ARM64
		Release|x64 = Release|x64
		Release|x86 = Release|x86
	EndGlobalSection
	GlobalSection(ProjectConfigurationPlatforms) = postSolution
		{47934A59-E5E9-420E-A4F1-78B078F99525}.Debug|Any CPU.ActiveCfg = Debug|Any CPU
		{47934A59-E5E9-420E-A4F1-78B078F99525}.Debug|Any CPU.Build.0 = Debug|Any CPU
		{47934A59-E5E9-420E-A4F1-78B078F99525}.Debug|ARM.ActiveCfg = Debug|Any CPU
		{47934A59-E5E9-420E-A4F1-78B078F99525}.Debug|ARM.Build.0 = Debug|Any CPU
		{47934A59-E5E9-420E-A4F1-78B078F99525}.Debug|ARM64.ActiveCfg = Debug|Any CPU
		{47934A59-E5E9-420E-A4F1-78B078F99525}.Debug|ARM64.Build.0 = Debug|Any CPU
		{47934A59-E5E9-420E-A4F1-78B078F99525}.Debug|x64.ActiveCfg = Debug|Any CPU
		{47934A59-E5E9-420E-A4F1-78B078F99525}.Debug|x64.Build.0 = Debug|Any CPU
		{47934A59-E5E9-420E-A4F1-78B078F99525}.Debug|x86.ActiveCfg = Debug|Any CPU
		{47934A59-E5E9-420E-A4F1-78B078F99525}.Debug|x86.Build.0 = Debug|Any CPU
		{47934A59-E5E9-420E-A4F1-78B078F99525}.Release|Any CPU.ActiveCfg = Release|Any CPU
		{47934A59-E5E9-420E-A4F1-78B078F99525}.Release|Any CPU.Build.0 = Release|Any CPU
		{47934A59-E5E9-420E-A4F1-78B078F99525}.Release|ARM.ActiveCfg = Release|Any CPU
		{47934A59-E5E9-420E-A4F1-78B078F99525}.Release|ARM.Build.0 = Release|Any CPU
		{47934A59-E5E9-420E-A4F1-78B078F99525}.Release|ARM64.ActiveCfg = Release|Any CPU
		{47934A59-E5E9-420E-A4F1-78B078F99525}.Release|ARM64.Build.0 = Release|Any CPU
		{47934A59-E5E9-420E-A4F1-78B078F99525}.Release|x64.ActiveCfg = Release|Any CPU
		{47934A59-E5E9-420E-A4F1-78B078F99525}.Release|x64.Build.0 = Release|Any CPU
		{47934A59-E5E9-420E-A4F1-78B078F99525}.Release|x86.ActiveCfg = Release|Any CPU
		{47934A59-E5E9-420E-A4F1-78B078F99525}.Release|x86.Build.0 = Release|Any CPU
		{55420004-D90A-4EDF-AE53-66D4C7098438}.Debug|Any CPU.ActiveCfg = Debug|Any CPU
		{55420004-D90A-4EDF-AE53-66D4C7098438}.Debug|Any CPU.Build.0 = Debug|Any CPU
		{55420004-D90A-4EDF-AE53-66D4C7098438}.Debug|ARM.ActiveCfg = Debug|Any CPU
		{55420004-D90A-4EDF-AE53-66D4C7098438}.Debug|ARM.Build.0 = Debug|Any CPU
		{55420004-D90A-4EDF-AE53-66D4C7098438}.Debug|ARM64.ActiveCfg = Debug|Any CPU
		{55420004-D90A-4EDF-AE53-66D4C7098438}.Debug|ARM64.Build.0 = Debug|Any CPU
		{55420004-D90A-4EDF-AE53-66D4C7098438}.Debug|x64.ActiveCfg = Debug|Any CPU
		{55420004-D90A-4EDF-AE53-66D4C7098438}.Debug|x64.Build.0 = Debug|Any CPU
		{55420004-D90A-4EDF-AE53-66D4C7098438}.Debug|x86.ActiveCfg = Debug|Any CPU
		{55420004-D90A-4EDF-AE53-66D4C7098438}.Debug|x86.Build.0 = Debug|Any CPU
		{55420004-D90A-4EDF-AE53-66D4C7098438}.Release|Any CPU.ActiveCfg = Release|Any CPU
		{55420004-D90A-4EDF-AE53-66D4C7098438}.Release|Any CPU.Build.0 = Release|Any CPU
		{55420004-D90A-4EDF-AE53-66D4C7098438}.Release|ARM.ActiveCfg = Release|Any CPU
		{55420004-D90A-4EDF-AE53-66D4C7098438}.Release|ARM.Build.0 = Release|Any CPU
		{55420004-D90A-4EDF-AE53-66D4C7098438}.Release|ARM64.ActiveCfg = Release|Any CPU
		{55420004-D90A-4EDF-AE53-66D4C7098438}.Release|ARM64.Build.0 = Release|Any CPU
		{55420004-D90A-4EDF-AE53-66D4C7098438}.Release|x64.ActiveCfg = Release|Any CPU
		{55420004-D90A-4EDF-AE53-66D4C7098438}.Release|x64.Build.0 = Release|Any CPU
		{55420004-D90A-4EDF-AE53-66D4C7098438}.Release|x86.ActiveCfg = Release|Any CPU
		{55420004-D90A-4EDF-AE53-66D4C7098438}.Release|x86.Build.0 = Release|Any CPU
		{1044F2C8-085B-4FAD-A786-24D77DFF09E4}.Debug|Any CPU.ActiveCfg = Debug|Any CPU
		{1044F2C8-085B-4FAD-A786-24D77DFF09E4}.Debug|Any CPU.Build.0 = Debug|Any CPU
		{1044F2C8-085B-4FAD-A786-24D77DFF09E4}.Debug|ARM.ActiveCfg = Debug|Any CPU
		{1044F2C8-085B-4FAD-A786-24D77DFF09E4}.Debug|ARM.Build.0 = Debug|Any CPU
		{1044F2C8-085B-4FAD-A786-24D77DFF09E4}.Debug|ARM64.ActiveCfg = Debug|Any CPU
		{1044F2C8-085B-4FAD-A786-24D77DFF09E4}.Debug|ARM64.Build.0 = Debug|Any CPU
		{1044F2C8-085B-4FAD-A786-24D77DFF09E4}.Debug|x64.ActiveCfg = Debug|Any CPU
		{1044F2C8-085B-4FAD-A786-24D77DFF09E4}.Debug|x64.Build.0 = Debug|Any CPU
		{1044F2C8-085B-4FAD-A786-24D77DFF09E4}.Debug|x86.ActiveCfg = Debug|Any CPU
		{1044F2C8-085B-4FAD-A786-24D77DFF09E4}.Debug|x86.Build.0 = Debug|Any CPU
		{1044F2C8-085B-4FAD-A786-24D77DFF09E4}.Release|Any CPU.ActiveCfg = Release|Any CPU
		{1044F2C8-085B-4FAD-A786-24D77DFF09E4}.Release|Any CPU.Build.0 = Release|Any CPU
		{1044F2C8-085B-4FAD-A786-24D77DFF09E4}.Release|ARM.ActiveCfg = Release|Any CPU
		{1044F2C8-085B-4FAD-A786-24D77DFF09E4}.Release|ARM.Build.0 = Release|Any CPU
		{1044F2C8-085B-4FAD-A786-24D77DFF09E4}.Release|ARM64.ActiveCfg = Release|Any CPU
		{1044F2C8-085B-4FAD-A786-24D77DFF09E4}.Release|ARM64.Build.0 = Release|Any CPU
		{1044F2C8-085B-4FAD-A786-24D77DFF09E4}.Release|x64.ActiveCfg = Release|Any CPU
		{1044F2C8-085B-4FAD-A786-24D77DFF09E4}.Release|x64.Build.0 = Release|Any CPU
		{1044F2C8-085B-4FAD-A786-24D77DFF09E4}.Release|x86.ActiveCfg = Release|Any CPU
		{1044F2C8-085B-4FAD-A786-24D77DFF09E4}.Release|x86.Build.0 = Release|Any CPU
	EndGlobalSection
	GlobalSection(SolutionProperties) = preSolution
		HideSolutionNode = FALSE
	EndGlobalSection
	GlobalSection(ExtensibilityGlobals) = postSolution
		SolutionGuid = {CA5704C5-B624-4E3E-B42E-E5328650E77B}
	EndGlobalSection
EndGlobal
